
Microsoft Visual Studio Solution File, Format Version 12.00
# Visual Studio Version 17
VisualStudioVersion = 17.7.34202.233
MinimumVisualStudioVersion = 10.0.40219.1
Project("{FAE04EC0-301F-11D3-BF4B-00C04F79EFBC}") = "CustomEngine-Test", "CustomEngine-Test.csproj", "{2AB7E2F7-5298-420D-A8A0-29657173F8C9}"
EndProject
Global
	GlobalSection(SolutionConfigurationPlatforms) = preSolution
		Debug|Any CPU = Debug|Any CPU
		Release|Any CPU = Release|Any CPU
	EndGlobalSection
	GlobalSection(ProjectConfigurationPlatforms) = postSolution
		{2AB7E2F7-5298-420D-A8A0-29657173F8C9}.Debug|Any CPU.ActiveCfg = Debug|Any CPU
		{2AB7E2F7-5298-420D-A8A0-29657173F8C9}.Debug|Any CPU.Build.0 = Debug|Any CPU
		{2AB7E2F7-5298-420D-A8A0-29657173F8C9}.Release|Any CPU.ActiveCfg = Release|Any CPU
		{2AB7E2F7-5298-420D-A8A0-29657173F8C9}.Release|Any CPU.Build.0 = Release|Any CPU
	EndGlobalSection
	GlobalSection(SolutionProperties) = preSolution
		HideSolutionNode = FALSE
	EndGlobalSection
	GlobalSection(ExtensibilityGlobals) = postSolution
		SolutionGuid = {2EC43E17-2A23-4AC7-8F22-1E994CB75FD3}
	EndGlobalSection
EndGlobal
